
Microsoft Visual Studio Solution File, Format Version 12.00
# Visual Studio 14
VisualStudioVersion = 14.0.25123.0
MinimumVisualStudioVersion = 10.0.40219.1
Project("{FAE04EC0-301F-11D3-BF4B-00C04F79EFBC}") = "ActivitySample", "ActivitySample\ActivitySample.csproj", "{B97EB59C-DE3E-4FAC-9C34-39FAE63FCC99}"
EndProject
Project("{FAE04EC0-301F-11D3-BF4B-00C04F79EFBC}") = "ActivityOverlay", "ActivityOverlay\ActivityOverlay.csproj", "{02442D0D-1C5A-41E6-BE0A-DC76E3D09378}"
EndProject
Global
	GlobalSection(SolutionConfigurationPlatforms) = preSolution
		Debug|Any CPU = Debug|Any CPU
		Release|Any CPU = Release|Any CPU
	EndGlobalSection
	GlobalSection(ProjectConfigurationPlatforms) = postSolution
		{B97EB59C-DE3E-4FAC-9C34-39FAE63FCC99}.Debug|Any CPU.ActiveCfg = Debug|Any CPU
		{B97EB59C-DE3E-4FAC-9C34-39FAE63FCC99}.Debug|Any CPU.Build.0 = Debug|Any CPU
		{B97EB59C-DE3E-4FAC-9C34-39FAE63FCC99}.Release|Any CPU.ActiveCfg = Release|Any CPU
		{B97EB59C-DE3E-4FAC-9C34-39FAE63FCC99}.Release|Any CPU.Build.0 = Release|Any CPU
		{02442D0D-1C5A-41E6-BE0A-DC76E3D09378}.Debug|Any CPU.ActiveCfg = Debug|Any CPU
		{02442D0D-1C5A-41E6-BE0A-DC76E3D09378}.Debug|Any CPU.Build.0 = Debug|Any CPU
		{02442D0D-1C5A-41E6-BE0A-DC76E3D09378}.Release|Any CPU.ActiveCfg = Release|Any CPU
		{02442D0D-1C5A-41E6-BE0A-DC76E3D09378}.Release|Any CPU.Build.0 = Release|Any CPU
	EndGlobalSection
	GlobalSection(SolutionProperties) = preSolution
		HideSolutionNode = FALSE
	EndGlobalSection
EndGlobal
